
Microsoft Visual Studio Solution File, Format Version 12.00
# Visual Studio 15
VisualStudioVersion = 15.0.28010.2036
MinimumVisualStudioVersion = 10.0.40219.1
Project("{FAE04EC0-301F-11D3-BF4B-00C04F79EFBC}") = "CalculoReferencia", "CalculoReferencia\CalculoReferencia.csproj", "{AC0414FD-FBCA-4260-805E-3F6AF098701C}"
EndProject
Project("{FAE04EC0-301F-11D3-BF4B-00C04F79EFBC}") = "ProcesoCalculo", "ProcesoCalculo\ProcesoCalculo.csproj", "{EF6FA666-3084-48ED-A69D-D4D46C4F0853}"
EndProject
Global
	GlobalSection(SolutionConfigurationPlatforms) = preSolution
		Debug|Any CPU = Debug|Any CPU
		Release|Any CPU = Release|Any CPU
	EndGlobalSection
	GlobalSection(ProjectConfigurationPlatforms) = postSolution
		{AC0414FD-FBCA-4260-805E-3F6AF098701C}.Debug|Any CPU.ActiveCfg = Debug|Any CPU
		{AC0414FD-FBCA-4260-805E-3F6AF098701C}.Debug|Any CPU.Build.0 = Debug|Any CPU
		{AC0414FD-FBCA-4260-805E-3F6AF098701C}.Release|Any CPU.ActiveCfg = Release|Any CPU
		{AC0414FD-FBCA-4260-805E-3F6AF098701C}.Release|Any CPU.Build.0 = Release|Any CPU
		{EF6FA666-3084-48ED-A69D-D4D46C4F0853}.Debug|Any CPU.ActiveCfg = Debug|Any CPU
		{EF6FA666-3084-48ED-A69D-D4D46C4F0853}.Debug|Any CPU.Build.0 = Debug|Any CPU
		{EF6FA666-3084-48ED-A69D-D4D46C4F0853}.Release|Any CPU.ActiveCfg = Release|Any CPU
		{EF6FA666-3084-48ED-A69D-D4D46C4F0853}.Release|Any CPU.Build.0 = Release|Any CPU
	EndGlobalSection
	GlobalSection(SolutionProperties) = preSolution
		HideSolutionNode = FALSE
	EndGlobalSection
	GlobalSection(ExtensibilityGlobals) = postSolution
		SolutionGuid = {E1275EF2-1F60-4530-91A0-2DFFC1D37672}
	EndGlobalSection
EndGlobal
